PODS:
  - SwiftSystemService (0.1.3):
    - SwiftSystemService/Broken (= 0.1.3)
    - SwiftSystemService/Device (= 0.1.3)
    - SwiftSystemService/Network (= 0.1.3)
    - SwiftSystemService/Storage (= 0.1.3)
    - SwiftSystemService/Time (= 0.1.3)
  - SwiftSystemService/Broken (0.1.3)
  - SwiftSystemService/Device (0.1.3)
  - SwiftSystemService/Network (0.1.3)
  - SwiftSystemService/Storage (0.1.3)
  - SwiftSystemService/Time (0.1.3)

DEPENDENCIES:
  - SwiftSystemService (from `../`)

EXTERNAL SOURCES:
  SwiftSystemService:
    :path: "../"

SPEC CHECKSUMS:
  SwiftSystemService: 9a3c70e0019b17f033f9c85d398ff337731357a9

PODFILE CHECKSUM: 895aa17a8bb63571f5493fd3d9372d5b83cb1048

COCOAPODS: 1.16.2
